
Microsoft Visual Studio Solution File, Format Version 12.00
# Visual Studio 15
VisualStudioVersion = 15.0.27703.2000
MinimumVisualStudioVersion = 10.0.40219.1
Project("{FAE04EC0-301F-11D3-BF4B-00C04F79EFBC}") = "Odin.Tester.Android", "Odin.Tester\Odin.Tester.Android\Odin.Tester.Android.csproj", "{D0AB7C97-394C-47CA-A2A4-A135CB3B7853}"
EndProject
Project("{FAE04EC0-301F-11D3-BF4B-00C04F79EFBC}") = "Odin.Tester.iOS", "Odin.Tester\Odin.Tester.iOS\Odin.Tester.iOS.csproj", "{3986CB8E-4675-4334-B4F8-987838CD8599}"
EndProject
Project("{FAE04EC0-301F-11D3-BF4B-00C04F79EFBC}") = "Odin.Tester.UWP", "Odin.Tester\Odin.Tester.UWP\Odin.Tester.UWP.csproj", "{A951F095-9A48-4E27-8BB1-B3F2A67A81B2}"
EndProject
Project("{FAE04EC0-301F-11D3-BF4B-00C04F79EFBC}") = "Odin.Tester", "Odin.Tester\Odin.Tester\Odin.Tester.csproj", "{E4712487-668F-4955-AF86-D8E4B9ADB0F0}"
EndProject
Project("{FAE04EC0-301F-11D3-BF4B-00C04F79EFBC}") = "Odin", "Odin\Odin.csproj", "{1307E3F2-8820-4240-9263-4D37E8DD1D8B}"
EndProject
Project("{2150E333-8FDC-42A3-9474-1A3956D46DE8}") = "Solution Items", "Solution Items", "{D70BB9B2-AEFA-4C08-8213-6ED12DA25627}"
	ProjectSection(SolutionItems) = preProject
		Odin.nuspec = Odin.nuspec
	EndProjectSection
EndProject
Global
	GlobalSection(SolutionConfigurationPlatforms) = preSolution
		Ad-Hoc|Any CPU = Ad-Hoc|Any CPU
		Ad-Hoc|ARM = Ad-Hoc|ARM
		Ad-Hoc|iPhone = Ad-Hoc|iPhone
		Ad-Hoc|iPhoneSimulator = Ad-Hoc|iPhoneSimulator
		Ad-Hoc|x64 = Ad-Hoc|x64
		Ad-Hoc|x86 = Ad-Hoc|x86
		AppStore|Any CPU = AppStore|Any CPU
		AppStore|ARM = AppStore|ARM
		AppStore|iPhone = AppStore|iPhone
		AppStore|iPhoneSimulator = AppStore|iPhoneSimulator
		AppStore|x64 = AppStore|x64
		AppStore|x86 = AppStore|x86
		Debug|Any CPU = Debug|Any CPU
		Debug|ARM = Debug|ARM
		Debug|iPhone = Debug|iPhone
		Debug|iPhoneSimulator = Debug|iPhoneSimulator
		Debug|x64 = Debug|x64
		Debug|x86 = Debug|x86
		Release|Any CPU = Release|Any CPU
		Release|ARM = Release|ARM
		Release|iPhone = Release|iPhone
		Release|iPhoneSimulator = Release|iPhoneSimulator
		Release|x64 = Release|x64
		Release|x86 = Release|x86
	EndGlobalSection
	GlobalSection(ProjectConfigurationPlatforms) = postSolution
		{D0AB7C97-394C-47CA-A2A4-A135CB3B7853}.Ad-Hoc|Any CPU.ActiveCfg = Release|Any CPU
		{D0AB7C97-394C-47CA-A2A4-A135CB3B7853}.Ad-Hoc|Any CPU.Build.0 = Release|Any CPU
		{D0AB7C97-394C-47CA-A2A4-A135CB3B7853}.Ad-Hoc|Any CPU.Deploy.0 = Release|Any CPU
		{D0AB7C97-394C-47CA-A2A4-A135CB3B7853}.Ad-Hoc|ARM.ActiveCfg = Release|Any CPU
		{D0AB7C97-394C-47CA-A2A4-A135CB3B7853}.Ad-Hoc|ARM.Build.0 = Release|Any CPU
		{D0AB7C97-394C-47CA-A2A4-A135CB3B7853}.Ad-Hoc|ARM.Deploy.0 = Release|Any CPU
		{D0AB7C97-394C-47CA-A2A4-A135CB3B7853}.Ad-Hoc|iPhone.ActiveCfg = Release|Any CPU
		{D0AB7C97-394C-47CA-A2A4-A135CB3B7853}.Ad-Hoc|iPhone.Build.0 = Release|Any CPU
		{D0AB7C97-394C-47CA-A2A4-A135CB3B7853}.Ad-Hoc|iPhone.Deploy.0 = Release|Any CPU
		{D0AB7C97-394C-47CA-A2A4-A135CB3B7853}.Ad-Hoc|iPhoneSimulator.ActiveCfg = Release|Any CPU
		{D0AB7C97-394C-47CA-A2A4-A135CB3B7853}.Ad-Hoc|iPhoneSimulator.Build.0 = Release|Any CPU
		{D0AB7C97-394C-47CA-A2A4-A135CB3B7853}.Ad-Hoc|iPhoneSimulator.Deploy.0 = Release|Any CPU
		{D0AB7C97-394C-47CA-A2A4-A135CB3B7853}.Ad-Hoc|x64.ActiveCfg = Release|Any CPU
		{D0AB7C97-394C-47CA-A2A4-A135CB3B7853}.Ad-Hoc|x64.Build.0 = Release|Any CPU
		{D0AB7C97-394C-47CA-A2A4-A135CB3B7853}.Ad-Hoc|x64.Deploy.0 = Release|Any CPU
		{D0AB7C97-394C-47CA-A2A4-A135CB3B7853}.Ad-Hoc|x86.ActiveCfg = Release|Any CPU
		{D0AB7C97-394C-47CA-A2A4-A135CB3B7853}.Ad-Hoc|x86.Build.0 = Release|Any CPU
		{D0AB7C97-394C-47CA-A2A4-A135CB3B7853}.Ad-Hoc|x86.Deploy.0 = Release|Any CPU
		{D0AB7C97-394C-47CA-A2A4-A135CB3B7853}.AppStore|Any CPU.ActiveCfg = Release|Any CPU
		{D0AB7C97-394C-47CA-A2A4-A135CB3B7853}.AppStore|Any CPU.Build.0 = Release|Any CPU
		{D0AB7C97-394C-47CA-A2A4-A135CB3B7853}.AppStore|Any CPU.Deploy.0 = Release|Any CPU
		{D0AB7C97-394C-47CA-A2A4-A135CB3B7853}.AppStore|ARM.ActiveCfg = Release|Any CPU
		{D0AB7C97-394C-47CA-A2A4-A135CB3B7853}.AppStore|ARM.Build.0 = Release|Any CPU
		{D0AB7C97-394C-47CA-A2A4-A135CB3B7853}.AppStore|ARM.Deploy.0 = Release|Any CPU
		{D0AB7C97-394C-47CA-A2A4-A135CB3B7853}.AppStore|iPhone.ActiveCfg = Release|Any CPU
		{D0AB7C97-394C-47CA-A2A4-A135CB3B7853}.AppStore|iPhone.Build.0 = Release|Any CPU
		{D0AB7C97-394C-47CA-A2A4-A135CB3B7853}.AppStore|iPhone.Deploy.0 = Release|Any CPU
		{D0AB7C97-394C-47CA-A2A4-A135CB3B7853}.AppStore|iPhoneSimulator.ActiveCfg = Release|Any CPU
		{D0AB7C97-394C-47CA-A2A4-A135CB3B7853}.AppStore|iPhoneSimulator.Build.0 = Release|Any CPU
		{D0AB7C97-394C-47CA-A2A4-A135CB3B7853}.AppStore|iPhoneSimulator.Deploy.0 = Release|Any CPU
		{D0AB7C97-394C-47CA-A2A4-A135CB3B7853}.AppStore|x64.ActiveCfg = Release|Any CPU
		{D0AB7C97-394C-47CA-A2A4-A135CB3B7853}.AppStore|x64.Build.0 = Release|Any CPU
		{D0AB7C97-394C-47CA-A2A4-A135CB3B7853}.AppStore|x64.Deploy.0 = Release|Any CPU
		{D0AB7C97-394C-47CA-A2A4-A135CB3B7853}.AppStore|x86.ActiveCfg = Release|Any CPU
		{D0AB7C97-394C-47CA-A2A4-A135CB3B7853}.AppStore|x86.Build.0 = Release|Any CPU
		{D0AB7C97-394C-47CA-A2A4-A135CB3B7853}.AppStore|x86.Deploy.0 = Release|Any CPU
		{D0AB7C97-394C-47CA-A2A4-A135CB3B7853}.Debug|Any CPU.ActiveCfg = Debug|Any CPU
		{D0AB7C97-394C-47CA-A2A4-A135CB3B7853}.Debug|Any CPU.Build.0 = Debug|Any CPU
		{D0AB7C97-394C-47CA-A2A4-A135CB3B7853}.Debug|Any CPU.Deploy.0 = Debug|Any CPU
		{D0AB7C97-394C-47CA-A2A4-A135CB3B7853}.Debug|ARM.ActiveCfg = Debug|Any CPU
		{D0AB7C97-394C-47CA-A2A4-A135CB3B7853}.Debug|ARM.Build.0 = Debug|Any CPU
		{D0AB7C97-394C-47CA-A2A4-A135CB3B7853}.Debug|ARM.Deploy.0 = Debug|Any CPU
		{D0AB7C97-394C-47CA-A2A4-A135CB3B7853}.Debug|iPhone.ActiveCfg = Debug|Any CPU
		{D0AB7C97-394C-47CA-A2A4-A135CB3B7853}.Debug|iPhone.Build.0 = Debug|Any CPU
		{D0AB7C97-394C-47CA-A2A4-A135CB3B7853}.Debug|iPhone.Deploy.0 = Debug|Any CPU
		{D0AB7C97-394C-47CA-A2A4-A135CB3B7853}.Debug|iPhoneSimulator.ActiveCfg = Debug|Any CPU
		{D0AB7C97-394C-47CA-A2A4-A135CB3B7853}.Debug|iPhoneSimulator.Build.0 = Debug|Any CPU
		{D0AB7C97-394C-47CA-A2A4-A135CB3B7853}.Debug|iPhoneSimulator.Deploy.0 = Debug|Any CPU
		{D0AB7C97-394C-47CA-A2A4-A135CB3B7853}.Debug|x64.ActiveCfg = Debug|Any CPU
		{D0AB7C97-394C-47CA-A2A4-A135CB3B7853}.Debug|x64.Build.0 = Debug|Any CPU
		{D0AB7C97-394C-47CA-A2A4-A135CB3B7853}.Debug|x64.Deploy.0 = Debug|Any CPU
		{D0AB7C97-394C-47CA-A2A4-A135CB3B7853}.Debug|x86.ActiveCfg = Debug|Any CPU
		{D0AB7C97-394C-47CA-A2A4-A135CB3B7853}.Debug|x86.Build.0 = Debug|Any CPU
		{D0AB7C97-394C-47CA-A2A4-A135CB3B7853}.Debug|x86.Deploy.0 = Debug|Any CPU
		{D0AB7C97-394C-47CA-A2A4-A135CB3B7853}.Release|Any CPU.ActiveCfg = Release|Any CPU
		{D0AB7C97-394C-47CA-A2A4-A135CB3B7853}.Release|Any CPU.Build.0 = Release|Any CPU
		{D0AB7C97-394C-47CA-A2A4-A135CB3B7853}.Release|Any CPU.Deploy.0 = Release|Any CPU
		{D0AB7C97-394C-47CA-A2A4-A135CB3B7853}.Release|ARM.ActiveCfg = Release|Any CPU
		{D0AB7C97-394C-47CA-A2A4-A135CB3B7853}.Release|ARM.Build.0 = Release|Any CPU
		{D0AB7C97-394C-47CA-A2A4-A135CB3B7853}.Release|ARM.Deploy.0 = Release|Any CPU
		{D0AB7C97-394C-47CA-A2A4-A135CB3B7853}.Release|iPhone.ActiveCfg = Release|Any CPU
		{D0AB7C97-394C-47CA-A2A4-A135CB3B7853}.Release|iPhone.Build.0 = Release|Any CPU
		{D0AB7C97-394C-47CA-A2A4-A135CB3B7853}.Release|iPhone.Deploy.0 = Release|Any CPU
		{D0AB7C97-394C-47CA-A2A4-A135CB3B7853}.Release|iPhoneSimulator.ActiveCfg = Release|Any CPU
		{D0AB7C97-394C-47CA-A2A4-A135CB3B7853}.Release|iPhoneSimulator.Build.0 = Release|Any CPU
		{D0AB7C97-394C-47CA-A2A4-A135CB3B7853}.Release|iPhoneSimulator.Deploy.0 = Release|Any CPU
		{D0AB7C97-394C-47CA-A2A4-A135CB3B7853}.Release|x64.ActiveCfg = Release|Any CPU
		{D0AB7C97-394C-47CA-A2A4-A135CB3B7853}.Release|x64.Build.0 = Release|Any CPU
		{D0AB7C97-394C-47CA-A2A4-A135CB3B7853}.Release|x64.Deploy.0 = Release|Any CPU
		{D0AB7C97-394C-47CA-A2A4-A135CB3B7853}.Release|x86.ActiveCfg = Release|Any CPU
		{D0AB7C97-394C-47CA-A2A4-A135CB3B7853}.Release|x86.Build.0 = Release|Any CPU
		{D0AB7C97-394C-47CA-A2A4-A135CB3B7853}.Release|x86.Deploy.0 = Release|Any CPU
		{3986CB8E-4675-4334-B4F8-987838CD8599}.Ad-Hoc|Any CPU.ActiveCfg = Ad-Hoc|iPhone
		{3986CB8E-4675-4334-B4F8-987838CD8599}.Ad-Hoc|Any CPU.Build.0 = Ad-Hoc|iPhone
		{3986CB8E-4675-4334-B4F8-987838CD8599}.Ad-Hoc|Any CPU.Deploy.0 = Ad-Hoc|iPhone
		{3986CB8E-4675-4334-B4F8-987838CD8599}.Ad-Hoc|ARM.ActiveCfg = Ad-Hoc|iPhone
		{3986CB8E-4675-4334-B4F8-987838CD8599}.Ad-Hoc|ARM.Build.0 = Ad-Hoc|iPhone
		{3986CB8E-4675-4334-B4F8-987838CD8599}.Ad-Hoc|ARM.Deploy.0 = Ad-Hoc|iPhone
		{3986CB8E-4675-4334-B4F8-987838CD8599}.Ad-Hoc|iPhone.ActiveCfg = Ad-Hoc|iPhone
		{3986CB8E-4675-4334-B4F8-987838CD8599}.Ad-Hoc|iPhone.Build.0 = Ad-Hoc|iPhone
		{3986CB8E-4675-4334-B4F8-987838CD8599}.Ad-Hoc|iPhone.Deploy.0 = Ad-Hoc|iPhone
		{3986CB8E-4675-4334-B4F8-987838CD8599}.Ad-Hoc|iPhoneSimulator.ActiveCfg = Ad-Hoc|iPhoneSimulator
		{3986CB8E-4675-4334-B4F8-987838CD8599}.Ad-Hoc|iPhoneSimulator.Build.0 = Ad-Hoc|iPhoneSimulator
		{3986CB8E-4675-4334-B4F8-987838CD8599}.Ad-Hoc|iPhoneSimulator.Deploy.0 = Ad-Hoc|iPhoneSimulator
		{3986CB8E-4675-4334-B4F8-987838CD8599}.Ad-Hoc|x64.ActiveCfg = Ad-Hoc|iPhone
		{3986CB8E-4675-4334-B4F8-987838CD8599}.Ad-Hoc|x64.Build.0 = Ad-Hoc|iPhone
		{3986CB8E-4675-4334-B4F8-987838CD8599}.Ad-Hoc|x64.Deploy.0 = Ad-Hoc|iPhone
		{3986CB8E-4675-4334-B4F8-987838CD8599}.Ad-Hoc|x86.ActiveCfg = Ad-Hoc|iPhone
		{3986CB8E-4675-4334-B4F8-987838CD8599}.Ad-Hoc|x86.Build.0 = Ad-Hoc|iPhone
		{3986CB8E-4675-4334-B4F8-987838CD8599}.Ad-Hoc|x86.Deploy.0 = Ad-Hoc|iPhone
		{3986CB8E-4675-4334-B4F8-987838CD8599}.AppStore|Any CPU.ActiveCfg = AppStore|iPhone
		{3986CB8E-4675-4334-B4F8-987838CD8599}.AppStore|Any CPU.Build.0 = AppStore|iPhone
		{3986CB8E-4675-4334-B4F8-987838CD8599}.AppStore|Any CPU.Deploy.0 = AppStore|iPhone
		{3986CB8E-4675-4334-B4F8-987838CD8599}.AppStore|ARM.ActiveCfg = AppStore|iPhone
		{3986CB8E-4675-4334-B4F8-987838CD8599}.AppStore|ARM.Build.0 = AppStore|iPhone
		{3986CB8E-4675-4334-B4F8-987838CD8599}.AppStore|ARM.Deploy.0 = AppStore|iPhone
		{3986CB8E-4675-4334-B4F8-987838CD8599}.AppStore|iPhone.ActiveCfg = AppStore|iPhone
		{3986CB8E-4675-4334-B4F8-987838CD8599}.AppStore|iPhone.Build.0 = AppStore|iPhone
		{3986CB8E-4675-4334-B4F8-987838CD8599}.AppStore|iPhone.Deploy.0 = AppStore|iPhone
		{3986CB8E-4675-4334-B4F8-987838CD8599}.AppStore|iPhoneSimulator.ActiveCfg = AppStore|iPhoneSimulator
		{3986CB8E-4675-4334-B4F8-987838CD8599}.AppStore|iPhoneSimulator.Build.0 = AppStore|iPhoneSimulator
		{3986CB8E-4675-4334-B4F8-987838CD8599}.AppStore|iPhoneSimulator.Deploy.0 = AppStore|iPhoneSimulator
		{3986CB8E-4675-4334-B4F8-987838CD8599}.AppStore|x64.ActiveCfg = AppStore|iPhone
		{3986CB8E-4675-4334-B4F8-987838CD8599}.AppStore|x64.Build.0 = AppStore|iPhone
		{3986CB8E-4675-4334-B4F8-987838CD8599}.AppStore|x64.Deploy.0 = AppStore|iPhone
		{3986CB8E-4675-4334-B4F8-987838CD8599}.AppStore|x86.ActiveCfg = AppStore|iPhone
		{3986CB8E-4675-4334-B4F8-987838CD8599}.AppStore|x86.Build.0 = AppStore|iPhone
		{3986CB8E-4675-4334-B4F8-987838CD8599}.AppStore|x86.Deploy.0 = AppStore|iPhone
		{3986CB8E-4675-4334-B4F8-987838CD8599}.Debug|Any CPU.ActiveCfg = Debug|iPhoneSimulator
		{3986CB8E-4675-4334-B4F8-987838CD8599}.Debug|Any CPU.Build.0 = Debug|iPhoneSimulator
		{3986CB8E-4675-4334-B4F8-987838CD8599}.Debug|Any CPU.Deploy.0 = Debug|iPhoneSimulator
		{3986CB8E-4675-4334-B4F8-987838CD8599}.Debug|ARM.ActiveCfg = Debug|iPhone
		{3986CB8E-4675-4334-B4F8-987838CD8599}.Debug|ARM.Build.0 = Debug|iPhone
		{3986CB8E-4675-4334-B4F8-987838CD8599}.Debug|ARM.Deploy.0 = Debug|iPhone
		{3986CB8E-4675-4334-B4F8-987838CD8599}.Debug|iPhone.ActiveCfg = Debug|iPhone
		{3986CB8E-4675-4334-B4F8-987838CD8599}.Debug|iPhone.Build.0 = Debug|iPhone
		{3986CB8E-4675-4334-B4F8-987838CD8599}.Debug|iPhone.Deploy.0 = Debug|iPhone
		{3986CB8E-4675-4334-B4F8-987838CD8599}.Debug|iPhoneSimulator.ActiveCfg = Debug|iPhoneSimulator
		{3986CB8E-4675-4334-B4F8-987838CD8599}.Debug|iPhoneSimulator.Build.0 = Debug|iPhoneSimulator
		{3986CB8E-4675-4334-B4F8-987838CD8599}.Debug|iPhoneSimulator.Deploy.0 = Debug|iPhoneSimulator
		{3986CB8E-4675-4334-B4F8-987838CD8599}.Debug|x64.ActiveCfg = Debug|iPhone
		{3986CB8E-4675-4334-B4F8-987838CD8599}.Debug|x64.Build.0 = Debug|iPhone
		{3986CB8E-4675-4334-B4F8-987838CD8599}.Debug|x64.Deploy.0 = Debug|iPhone
		{3986CB8E-4675-4334-B4F8-987838CD8599}.Debug|x86.ActiveCfg = Debug|iPhone
		{3986CB8E-4675-4334-B4F8-987838CD8599}.Debug|x86.Build.0 = Debug|iPhone
		{3986CB8E-4675-4334-B4F8-987838CD8599}.Debug|x86.Deploy.0 = Debug|iPhone
		{3986CB8E-4675-4334-B4F8-987838CD8599}.Release|Any CPU.ActiveCfg = Release|iPhone
		{3986CB8E-4675-4334-B4F8-987838CD8599}.Release|Any CPU.Build.0 = Release|iPhone
		{3986CB8E-4675-4334-B4F8-987838CD8599}.Release|Any CPU.Deploy.0 = Release|iPhone
		{3986CB8E-4675-4334-B4F8-987838CD8599}.Release|ARM.ActiveCfg = Release|iPhone
		{3986CB8E-4675-4334-B4F8-987838CD8599}.Release|ARM.Build.0 = Release|iPhone
		{3986CB8E-4675-4334-B4F8-987838CD8599}.Release|ARM.Deploy.0 = Release|iPhone
		{3986CB8E-4675-4334-B4F8-987838CD8599}.Release|iPhone.ActiveCfg = Release|iPhone
		{3986CB8E-4675-4334-B4F8-987838CD8599}.Release|iPhone.Build.0 = Release|iPhone
		{3986CB8E-4675-4334-B4F8-987838CD8599}.Release|iPhone.Deploy.0 = Release|iPhone
		{3986CB8E-4675-4334-B4F8-987838CD8599}.Release|iPhoneSimulator.ActiveCfg = Release|iPhoneSimulator
		{3986CB8E-4675-4334-B4F8-987838CD8599}.Release|iPhoneSimulator.Build.0 = Release|iPhoneSimulator
		{3986CB8E-4675-4334-B4F8-987838CD8599}.Release|iPhoneSimulator.Deploy.0 = Release|iPhoneSimulator
		{3986CB8E-4675-4334-B4F8-987838CD8599}.Release|x64.ActiveCfg = Release|iPhone
		{3986CB8E-4675-4334-B4F8-987838CD8599}.Release|x64.Build.0 = Release|iPhone
		{3986CB8E-4675-4334-B4F8-987838CD8599}.Release|x64.Deploy.0 = Release|iPhone
		{3986CB8E-4675-4334-B4F8-987838CD8599}.Release|x86.ActiveCfg = Release|iPhone
		{3986CB8E-4675-4334-B4F8-987838CD8599}.Release|x86.Build.0 = Release|iPhone
		{3986CB8E-4675-4334-B4F8-987838CD8599}.Release|x86.Deploy.0 = Release|iPhone
		{A951F095-9A48-4E27-8BB1-B3F2A67A81B2}.Ad-Hoc|Any CPU.ActiveCfg = Release|x86
		{A951F095-9A48-4E27-8BB1-B3F2A67A81B2}.Ad-Hoc|Any CPU.Build.0 = Release|x86
		{A951F095-9A48-4E27-8BB1-B3F2A67A81B2}.Ad-Hoc|Any CPU.Deploy.0 = Release|x86
		{A951F095-9A48-4E27-8BB1-B3F2A67A81B2}.Ad-Hoc|ARM.ActiveCfg = Release|ARM
		{A951F095-9A48-4E27-8BB1-B3F2A67A81B2}.Ad-Hoc|ARM.Build.0 = Release|ARM
		{A951F095-9A48-4E27-8BB1-B3F2A67A81B2}.Ad-Hoc|ARM.Deploy.0 = Release|ARM
		{A951F095-9A48-4E27-8BB1-B3F2A67A81B2}.Ad-Hoc|iPhone.ActiveCfg = Release|x86
		{A951F095-9A48-4E27-8BB1-B3F2A67A81B2}.Ad-Hoc|iPhone.Build.0 = Release|x86
		{A951F095-9A48-4E27-8BB1-B3F2A67A81B2}.Ad-Hoc|iPhone.Deploy.0 = Release|x86
		{A951F095-9A48-4E27-8BB1-B3F2A67A81B2}.Ad-Hoc|iPhoneSimulator.ActiveCfg = Release|x86
		{A951F095-9A48-4E27-8BB1-B3F2A67A81B2}.Ad-Hoc|iPhoneSimulator.Build.0 = Release|x86
		{A951F095-9A48-4E27-8BB1-B3F2A67A81B2}.Ad-Hoc|iPhoneSimulator.Deploy.0 = Release|x86
		{A951F095-9A48-4E27-8BB1-B3F2A67A81B2}.Ad-Hoc|x64.ActiveCfg = Release|x64
		{A951F095-9A48-4E27-8BB1-B3F2A67A81B2}.Ad-Hoc|x64.Build.0 = Release|x64
		{A951F095-9A48-4E27-8BB1-B3F2A67A81B2}.Ad-Hoc|x64.Deploy.0 = Release|x64
		{A951F095-9A48-4E27-8BB1-B3F2A67A81B2}.Ad-Hoc|x86.ActiveCfg = Release|x86
		{A951F095-9A48-4E27-8BB1-B3F2A67A81B2}.Ad-Hoc|x86.Build.0 = Release|x86
		{A951F095-9A48-4E27-8BB1-B3F2A67A81B2}.Ad-Hoc|x86.Deploy.0 = Release|x86
		{A951F095-9A48-4E27-8BB1-B3F2A67A81B2}.AppStore|Any CPU.ActiveCfg = Release|x86
		{A951F095-9A48-4E27-8BB1-B3F2A67A81B2}.AppStore|Any CPU.Build.0 = Release|x86
		{A951F095-9A48-4E27-8BB1-B3F2A67A81B2}.AppStore|Any CPU.Deploy.0 = Release|x86
		{A951F095-9A48-4E27-8BB1-B3F2A67A81B2}.AppStore|ARM.ActiveCfg = Release|ARM
		{A951F095-9A48-4E27-8BB1-B3F2A67A81B2}.AppStore|ARM.Build.0 = Release|ARM
		{A951F095-9A48-4E27-8BB1-B3F2A67A81B2}.AppStore|ARM.Deploy.0 = Release|ARM
		{A951F095-9A48-4E27-8BB1-B3F2A67A81B2}.AppStore|iPhone.ActiveCfg = Release|x86
		{A951F095-9A48-4E27-8BB1-B3F2A67A81B2}.AppStore|iPhone.Build.0 = Release|x86
		{A951F095-9A48-4E27-8BB1-B3F2A67A81B2}.AppStore|iPhone.Deploy.0 = Release|x86
		{A951F095-9A48-4E27-8BB1-B3F2A67A81B2}.AppStore|iPhoneSimulator.ActiveCfg = Release|x86
		{A951F095-9A48-4E27-8BB1-B3F2A67A81B2}.AppStore|iPhoneSimulator.Build.0 = Release|x86
		{A951F095-9A48-4E27-8BB1-B3F2A67A81B2}.AppStore|iPhoneSimulator.Deploy.0 = Release|x86
		{A951F095-9A48-4E27-8BB1-B3F2A67A81B2}.AppStore|x64.ActiveCfg = Release|x64
		{A951F095-9A48-4E27-8BB1-B3F2A67A81B2}.AppStore|x64.Build.0 = Release|x64
		{A951F095-9A48-4E27-8BB1-B3F2A67A81B2}.AppStore|x64.Deploy.0 = Release|x64
		{A951F095-9A48-4E27-8BB1-B3F2A67A81B2}.AppStore|x86.ActiveCfg = Release|x86
		{A951F095-9A48-4E27-8BB1-B3F2A67A81B2}.AppStore|x86.Build.0 = Release|x86
		{A951F095-9A48-4E27-8BB1-B3F2A67A81B2}.AppStore|x86.Deploy.0 = Release|x86
		{A951F095-9A48-4E27-8BB1-B3F2A67A81B2}.Debug|Any CPU.ActiveCfg = Debug|x86
		{A951F095-9A48-4E27-8BB1-B3F2A67A81B2}.Debug|Any CPU.Build.0 = Debug|x86
		{A951F095-9A48-4E27-8BB1-B3F2A67A81B2}.Debug|Any CPU.Deploy.0 = Debug|x86
		{A951F095-9A48-4E27-8BB1-B3F2A67A81B2}.Debug|ARM.ActiveCfg = Debug|ARM
		{A951F095-9A48-4E27-8BB1-B3F2A67A81B2}.Debug|ARM.Build.0 = Debug|ARM
		{A951F095-9A48-4E27-8BB1-B3F2A67A81B2}.Debug|ARM.Deploy.0 = Debug|ARM
		{A951F095-9A48-4E27-8BB1-B3F2A67A81B2}.Debug|iPhone.ActiveCfg = Debug|x86
		{A951F095-9A48-4E27-8BB1-B3F2A67A81B2}.Debug|iPhone.Build.0 = Debug|x86
		{A951F095-9A48-4E27-8BB1-B3F2A67A81B2}.Debug|iPhone.Deploy.0 = Debug|x86
		{A951F095-9A48-4E27-8BB1-B3F2A67A81B2}.Debug|iPhoneSimulator.ActiveCfg = Debug|x86
		{A951F095-9A48-4E27-8BB1-B3F2A67A81B2}.Debug|iPhoneSimulator.Build.0 = Debug|x86
		{A951F095-9A48-4E27-8BB1-B3F2A67A81B2}.Debug|iPhoneSimulator.Deploy.0 = Debug|x86
		{A951F095-9A48-4E27-8BB1-B3F2A67A81B2}.Debug|x64.ActiveCfg = Debug|x64
		{A951F095-9A48-4E27-8BB1-B3F2A67A81B2}.Debug|x64.Build.0 = Debug|x64
		{A951F095-9A48-4E27-8BB1-B3F2A67A81B2}.Debug|x64.Deploy.0 = Debug|x64
		{A951F095-9A48-4E27-8BB1-B3F2A67A81B2}.Debug|x86.ActiveCfg = Debug|x86
		{A951F095-9A48-4E27-8BB1-B3F2A67A81B2}.Debug|x86.Build.0 = Debug|x86
		{A951F095-9A48-4E27-8BB1-B3F2A67A81B2}.Debug|x86.Deploy.0 = Debug|x86
		{A951F095-9A48-4E27-8BB1-B3F2A67A81B2}.Release|Any CPU.ActiveCfg = Release|x86
		{A951F095-9A48-4E27-8BB1-B3F2A67A81B2}.Release|Any CPU.Build.0 = Release|x86
		{A951F095-9A48-4E27-8BB1-B3F2A67A81B2}.Release|Any CPU.Deploy.0 = Release|x86
		{A951F095-9A48-4E27-8BB1-B3F2A67A81B2}.Release|ARM.ActiveCfg = Release|ARM
		{A951F095-9A48-4E27-8BB1-B3F2A67A81B2}.Release|ARM.Build.0 = Release|ARM
		{A951F095-9A48-4E27-8BB1-B3F2A67A81B2}.Release|ARM.Deploy.0 = Release|ARM
		{A951F095-9A48-4E27-8BB1-B3F2A67A81B2}.Release|iPhone.ActiveCfg = Release|x86
		{A951F095-9A48-4E27-8BB1-B3F2A67A81B2}.Release|iPhone.Build.0 = Release|x86
		{A951F095-9A48-4E27-8BB1-B3F2A67A81B2}.Release|iPhone.Deploy.0 = Release|x86
		{A951F095-9A48-4E27-8BB1-B3F2A67A81B2}.Release|iPhoneSimulator.ActiveCfg = Release|x86
		{A951F095-9A48-4E27-8BB1-B3F2A67A81B2}.Release|iPhoneSimulator.Build.0 = Release|x86
		{A951F095-9A48-4E27-8BB1-B3F2A67A81B2}.Release|iPhoneSimulator.Deploy.0 = Release|x86
		{A951F095-9A48-4E27-8BB1-B3F2A67A81B2}.Release|x64.ActiveCfg = Release|x64
		{A951F095-9A48-4E27-8BB1-B3F2A67A81B2}.Release|x64.Build.0 = Release|x64
		{A951F095-9A48-4E27-8BB1-B3F2A67A81B2}.Release|x64.Deploy.0 = Release|x64
		{A951F095-9A48-4E27-8BB1-B3F2A67A81B2}.Release|x86.ActiveCfg = Release|x86
		{A951F095-9A48-4E27-8BB1-B3F2A67A81B2}.Release|x86.Build.0 = Release|x86
		{A951F095-9A48-4E27-8BB1-B3F2A67A81B2}.Release|x86.Deploy.0 = Release|x86
		{E4712487-668F-4955-AF86-D8E4B9ADB0F0}.Ad-Hoc|Any CPU.ActiveCfg = Debug|Any CPU
		{E4712487-668F-4955-AF86-D8E4B9ADB0F0}.Ad-Hoc|Any CPU.Build.0 = Debug|Any CPU
		{E4712487-668F-4955-AF86-D8E4B9ADB0F0}.Ad-Hoc|Any CPU.Deploy.0 = Debug|Any CPU
		{E4712487-668F-4955-AF86-D8E4B9ADB0F0}.Ad-Hoc|ARM.ActiveCfg = Debug|Any CPU
		{E4712487-668F-4955-AF86-D8E4B9ADB0F0}.Ad-Hoc|ARM.Build.0 = Debug|Any CPU
		{E4712487-668F-4955-AF86-D8E4B9ADB0F0}.Ad-Hoc|ARM.Deploy.0 = Debug|Any CPU
		{E4712487-668F-4955-AF86-D8E4B9ADB0F0}.Ad-Hoc|iPhone.ActiveCfg = Debug|Any CPU
		{E4712487-668F-4955-AF86-D8E4B9ADB0F0}.Ad-Hoc|iPhone.Build.0 = Debug|Any CPU
		{E4712487-668F-4955-AF86-D8E4B9ADB0F0}.Ad-Hoc|iPhone.Deploy.0 = Debug|Any CPU
		{E4712487-668F-4955-AF86-D8E4B9ADB0F0}.Ad-Hoc|iPhoneSimulator.ActiveCfg = Debug|Any CPU
		{E4712487-668F-4955-AF86-D8E4B9ADB0F0}.Ad-Hoc|iPhoneSimulator.Build.0 = Debug|Any CPU
		{E4712487-668F-4955-AF86-D8E4B9ADB0F0}.Ad-Hoc|iPhoneSimulator.Deploy.0 = Debug|Any CPU
		{E4712487-668F-4955-AF86-D8E4B9ADB0F0}.Ad-Hoc|x64.ActiveCfg = Debug|Any CPU
		{E4712487-668F-4955-AF86-D8E4B9ADB0F0}.Ad-Hoc|x64.Build.0 = Debug|Any CPU
		{E4712487-668F-4955-AF86-D8E4B9ADB0F0}.Ad-Hoc|x64.Deploy.0 = Debug|Any CPU
		{E4712487-668F-4955-AF86-D8E4B9ADB0F0}.Ad-Hoc|x86.ActiveCfg = Debug|Any CPU
		{E4712487-668F-4955-AF86-D8E4B9ADB0F0}.Ad-Hoc|x86.Build.0 = Debug|Any CPU
		{E4712487-668F-4955-AF86-D8E4B9ADB0F0}.Ad-Hoc|x86.Deploy.0 = Debug|Any CPU
		{E4712487-668F-4955-AF86-D8E4B9ADB0F0}.AppStore|Any CPU.ActiveCfg = Debug|Any CPU
		{E4712487-668F-4955-AF86-D8E4B9ADB0F0}.AppStore|Any CPU.Build.0 = Debug|Any CPU
		{E4712487-668F-4955-AF86-D8E4B9ADB0F0}.AppStore|Any CPU.Deploy.0 = Debug|Any CPU
		{E4712487-668F-4955-AF86-D8E4B9ADB0F0}.AppStore|ARM.ActiveCfg = Debug|Any CPU
		{E4712487-668F-4955-AF86-D8E4B9ADB0F0}.AppStore|ARM.Build.0 = Debug|Any CPU
		{E4712487-668F-4955-AF86-D8E4B9ADB0F0}.AppStore|ARM.Deploy.0 = Debug|Any CPU
		{E4712487-668F-4955-AF86-D8E4B9ADB0F0}.AppStore|iPhone.ActiveCfg = Debug|Any CPU
		{E4712487-668F-4955-AF86-D8E4B9ADB0F0}.AppStore|iPhone.Build.0 = Debug|Any CPU
		{E4712487-668F-4955-AF86-D8E4B9ADB0F0}.AppStore|iPhone.Deploy.0 = Debug|Any CPU
		{E4712487-668F-4955-AF86-D8E4B9ADB0F0}.AppStore|iPhoneSimulator.ActiveCfg = Debug|Any CPU
		{E4712487-668F-4955-AF86-D8E4B9ADB0F0}.AppStore|iPhoneSimulator.Build.0 = Debug|Any CPU
		{E4712487-668F-4955-AF86-D8E4B9ADB0F0}.AppStore|iPhoneSimulator.Deploy.0 = Debug|Any CPU
		{E4712487-668F-4955-AF86-D8E4B9ADB0F0}.AppStore|x64.ActiveCfg = Debug|Any CPU
		{E4712487-668F-4955-AF86-D8E4B9ADB0F0}.AppStore|x64.Build.0 = Debug|Any CPU
		{E4712487-668F-4955-AF86-D8E4B9ADB0F0}.AppStore|x64.Deploy.0 = Debug|Any CPU
		{E4712487-668F-4955-AF86-D8E4B9ADB0F0}.AppStore|x86.ActiveCfg = Debug|Any CPU
		{E4712487-668F-4955-AF86-D8E4B9ADB0F0}.AppStore|x86.Build.0 = Debug|Any CPU
		{E4712487-668F-4955-AF86-D8E4B9ADB0F0}.AppStore|x86.Deploy.0 = Debug|Any CPU
		{E4712487-668F-4955-AF86-D8E4B9ADB0F0}.Debug|Any CPU.ActiveCfg = Debug|Any CPU
		{E4712487-668F-4955-AF86-D8E4B9ADB0F0}.Debug|Any CPU.Build.0 = Debug|Any CPU
		{E4712487-668F-4955-AF86-D8E4B9ADB0F0}.Debug|Any CPU.Deploy.0 = Debug|Any CPU
		{E4712487-668F-4955-AF86-D8E4B9ADB0F0}.Debug|ARM.ActiveCfg = Debug|Any CPU
		{E4712487-668F-4955-AF86-D8E4B9ADB0F0}.Debug|ARM.Build.0 = Debug|Any CPU
		{E4712487-668F-4955-AF86-D8E4B9ADB0F0}.Debug|ARM.Deploy.0 = Debug|Any CPU
		{E4712487-668F-4955-AF86-D8E4B9ADB0F0}.Debug|iPhone.ActiveCfg = Debug|Any CPU
		{E4712487-668F-4955-AF86-D8E4B9ADB0F0}.Debug|iPhone.Build.0 = Debug|Any CPU
		{E4712487-668F-4955-AF86-D8E4B9ADB0F0}.Debug|iPhone.Deploy.0 = Debug|Any CPU
		{E4712487-668F-4955-AF86-D8E4B9ADB0F0}.Debug|iPhoneSimulator.ActiveCfg = Debug|Any CPU
		{E4712487-668F-4955-AF86-D8E4B9ADB0F0}.Debug|iPhoneSimulator.Build.0 = Debug|Any CPU
		{E4712487-668F-4955-AF86-D8E4B9ADB0F0}.Debug|iPhoneSimulator.Deploy.0 = Debug|Any CPU
		{E4712487-668F-4955-AF86-D8E4B9ADB0F0}.Debug|x64.ActiveCfg = Debug|Any CPU
		{E4712487-668F-4955-AF86-D8E4B9ADB0F0}.Debug|x64.Build.0 = Debug|Any CPU
		{E4712487-668F-4955-AF86-D8E4B9ADB0F0}.Debug|x64.Deploy.0 = Debug|Any CPU
		{E4712487-668F-4955-AF86-D8E4B9ADB0F0}.Debug|x86.ActiveCfg = Debug|Any CPU
		{E4712487-668F-4955-AF86-D8E4B9ADB0F0}.Debug|x86.Build.0 = Debug|Any CPU
		{E4712487-668F-4955-AF86-D8E4B9ADB0F0}.Debug|x86.Deploy.0 = Debug|Any CPU
		{E4712487-668F-4955-AF86-D8E4B9ADB0F0}.Release|Any CPU.ActiveCfg = Release|Any CPU
		{E4712487-668F-4955-AF86-D8E4B9ADB0F0}.Release|Any CPU.Build.0 = Release|Any CPU
		{E4712487-668F-4955-AF86-D8E4B9ADB0F0}.Release|Any CPU.Deploy.0 = Release|Any CPU
		{E4712487-668F-4955-AF86-D8E4B9ADB0F0}.Release|ARM.ActiveCfg = Release|Any CPU
		{E4712487-668F-4955-AF86-D8E4B9ADB0F0}.Release|ARM.Build.0 = Release|Any CPU
		{E4712487-668F-4955-AF86-D8E4B9ADB0F0}.Release|ARM.Deploy.0 = Release|Any CPU
		{E4712487-668F-4955-AF86-D8E4B9ADB0F0}.Release|iPhone.ActiveCfg = Release|Any CPU
		{E4712487-668F-4955-AF86-D8E4B9ADB0F0}.Release|iPhone.Build.0 = Release|Any CPU
		{E4712487-668F-4955-AF86-D8E4B9ADB0F0}.Release|iPhone.Deploy.0 = Release|Any CPU
		{E4712487-668F-4955-AF86-D8E4B9ADB0F0}.Release|iPhoneSimulator.ActiveCfg = Release|Any CPU
		{E4712487-668F-4955-AF86-D8E4B9ADB0F0}.Release|iPhoneSimulator.Build.0 = Release|Any CPU
		{E4712487-668F-4955-AF86-D8E4B9ADB0F0}.Release|iPhoneSimulator.Deploy.0 = Release|Any CPU
		{E4712487-668F-4955-AF86-D8E4B9ADB0F0}.Release|x64.ActiveCfg = Release|Any CPU
		{E4712487-668F-4955-AF86-D8E4B9ADB0F0}.Release|x64.Build.0 = Release|Any CPU
		{E4712487-668F-4955-AF86-D8E4B9ADB0F0}.Release|x64.Deploy.0 = Release|Any CPU
		{E4712487-668F-4955-AF86-D8E4B9ADB0F0}.Release|x86.ActiveCfg = Release|Any CPU
		{E4712487-668F-4955-AF86-D8E4B9ADB0F0}.Release|x86.Build.0 = Release|Any CPU
		{E4712487-668F-4955-AF86-D8E4B9ADB0F0}.Release|x86.Deploy.0 = Release|Any CPU
		{1307E3F2-8820-4240-9263-4D37E8DD1D8B}.Ad-Hoc|Any CPU.ActiveCfg = Debug|Any CPU
		{1307E3F2-8820-4240-9263-4D37E8DD1D8B}.Ad-Hoc|Any CPU.Build.0 = Debug|Any CPU
		{1307E3F2-8820-4240-9263-4D37E8DD1D8B}.Ad-Hoc|ARM.ActiveCfg = Debug|Any CPU
		{1307E3F2-8820-4240-9263-4D37E8DD1D8B}.Ad-Hoc|ARM.Build.0 = Debug|Any CPU
		{1307E3F2-8820-4240-9263-4D37E8DD1D8B}.Ad-Hoc|iPhone.ActiveCfg = Debug|Any CPU
		{1307E3F2-8820-4240-9263-4D37E8DD1D8B}.Ad-Hoc|iPhone.Build.0 = Debug|Any CPU
		{1307E3F2-8820-4240-9263-4D37E8DD1D8B}.Ad-Hoc|iPhoneSimulator.ActiveCfg = Debug|Any CPU
		{1307E3F2-8820-4240-9263-4D37E8DD1D8B}.Ad-Hoc|iPhoneSimulator.Build.0 = Debug|Any CPU
		{1307E3F2-8820-4240-9263-4D37E8DD1D8B}.Ad-Hoc|x64.ActiveCfg = Debug|Any CPU
		{1307E3F2-8820-4240-9263-4D37E8DD1D8B}.Ad-Hoc|x64.Build.0 = Debug|Any CPU
		{1307E3F2-8820-4240-9263-4D37E8DD1D8B}.Ad-Hoc|x86.ActiveCfg = Debug|Any CPU
		{1307E3F2-8820-4240-9263-4D37E8DD1D8B}.Ad-Hoc|x86.Build.0 = Debug|Any CPU
		{1307E3F2-8820-4240-9263-4D37E8DD1D8B}.AppStore|Any CPU.ActiveCfg = Debug|Any CPU
		{1307E3F2-8820-4240-9263-4D37E8DD1D8B}.AppStore|Any CPU.Build.0 = Debug|Any CPU
		{1307E3F2-8820-4240-9263-4D37E8DD1D8B}.AppStore|ARM.ActiveCfg = Debug|Any CPU
		{1307E3F2-8820-4240-9263-4D37E8DD1D8B}.AppStore|ARM.Build.0 = Debug|Any CPU
		{1307E3F2-8820-4240-9263-4D37E8DD1D8B}.AppStore|iPhone.ActiveCfg = Debug|Any CPU
		{1307E3F2-8820-4240-9263-4D37E8DD1D8B}.AppStore|iPhone.Build.0 = Debug|Any CPU
		{1307E3F2-8820-4240-9263-4D37E8DD1D8B}.AppStore|iPhoneSimulator.ActiveCfg = Debug|Any CPU
		{1307E3F2-8820-4240-9263-4D37E8DD1D8B}.AppStore|iPhoneSimulator.Build.0 = Debug|Any CPU
		{1307E3F2-8820-4240-9263-4D37E8DD1D8B}.AppStore|x64.ActiveCfg = Debug|Any CPU
		{1307E3F2-8820-4240-9263-4D37E8DD1D8B}.AppStore|x64.Build.0 = Debug|Any CPU
		{1307E3F2-8820-4240-9263-4D37E8DD1D8B}.AppStore|x86.ActiveCfg = Debug|Any CPU
		{1307E3F2-8820-4240-9263-4D37E8DD1D8B}.AppStore|x86.Build.0 = Debug|Any CPU
		{1307E3F2-8820-4240-9263-4D37E8DD1D8B}.Debug|Any CPU.ActiveCfg = Debug|Any CPU
		{1307E3F2-8820-4240-9263-4D37E8DD1D8B}.Debug|Any CPU.Build.0 = Debug|Any CPU
		{1307E3F2-8820-4240-9263-4D37E8DD1D8B}.Debug|ARM.ActiveCfg = Debug|Any CPU
		{1307E3F2-8820-4240-9263-4D37E8DD1D8B}.Debug|ARM.Build.0 = Debug|Any CPU
		{1307E3F2-8820-4240-9263-4D37E8DD1D8B}.Debug|iPhone.ActiveCfg = Debug|Any CPU
		{1307E3F2-8820-4240-9263-4D37E8DD1D8B}.Debug|iPhone.Build.0 = Debug|Any CPU
		{1307E3F2-8820-4240-9263-4D37E8DD1D8B}.Debug|iPhoneSimulator.ActiveCfg = Debug|Any CPU
		{1307E3F2-8820-4240-9263-4D37E8DD1D8B}.Debug|iPhoneSimulator.Build.0 = Debug|Any CPU
		{1307E3F2-8820-4240-9263-4D37E8DD1D8B}.Debug|x64.ActiveCfg = Debug|Any CPU
		{1307E3F2-8820-4240-9263-4D37E8DD1D8B}.Debug|x64.Build.0 = Debug|Any CPU
		{1307E3F2-8820-4240-9263-4D37E8DD1D8B}.Debug|x86.ActiveCfg = Debug|Any CPU
		{1307E3F2-8820-4240-9263-4D37E8DD1D8B}.Debug|x86.Build.0 = Debug|Any CPU
		{1307E3F2-8820-4240-9263-4D37E8DD1D8B}.Release|Any CPU.ActiveCfg = Release|Any CPU
		{1307E3F2-8820-4240-9263-4D37E8DD1D8B}.Release|Any CPU.Build.0 = Release|Any CPU
		{1307E3F2-8820-4240-9263-4D37E8DD1D8B}.Release|ARM.ActiveCfg = Release|Any CPU
		{1307E3F2-8820-4240-9263-4D37E8DD1D8B}.Release|ARM.Build.0 = Release|Any CPU
		{1307E3F2-8820-4240-9263-4D37E8DD1D8B}.Release|iPhone.ActiveCfg = Release|Any CPU
		{1307E3F2-8820-4240-9263-4D37E8DD1D8B}.Release|iPhone.Build.0 = Release|Any CPU
		{1307E3F2-8820-4240-9263-4D37E8DD1D8B}.Release|iPhoneSimulator.ActiveCfg = Release|Any CPU
		{1307E3F2-8820-4240-9263-4D37E8DD1D8B}.Release|iPhoneSimulator.Build.0 = Release|Any CPU
		{1307E3F2-8820-4240-9263-4D37E8DD1D8B}.Release|x64.ActiveCfg = Release|Any CPU
		{1307E3F2-8820-4240-9263-4D37E8DD1D8B}.Release|x64.Build.0 = Release|Any CPU
		{1307E3F2-8820-4240-9263-4D37E8DD1D8B}.Release|x86.ActiveCfg = Release|Any CPU
		{1307E3F2-8820-4240-9263-4D37E8DD1D8B}.Release|x86.Build.0 = Release|Any CPU
	EndGlobalSection
	GlobalSection(SolutionProperties) = preSolution
		HideSolutionNode = FALSE
	EndGlobalSection
	GlobalSection(ExtensibilityGlobals) = postSolution
		SolutionGuid = {AFE2CEFC-89F1-4084-A5F5-3CA6EDAD9C58}
	EndGlobalSection
EndGlobal
